
Microsoft Visual Studio Solution File, Format Version 12.00
# Visual Studio Version 16
VisualStudioVersion = 16.0.30611.23
MinimumVisualStudioVersion = 10.0.40219.1
Project("{9A19103F-16F7-4668-BE54-9A1E7A4F7556}") = "Jh.Abp.QuickComponents", "src\Jh.Abp.QuickComponents\Jh.Abp.QuickComponents.csproj", "{FA391BEF-1C06-45C7-A977-3E4170F18CF8}"
EndProject
Project("{2150E333-8FDC-42A3-9474-1A3956D46DE8}") = "test", "test", "{4088BFE4-0744-44DD-977A-0841DE6D0608}"
EndProject
Project("{2150E333-8FDC-42A3-9474-1A3956D46DE8}") = "src", "src", "{7C11FE69-0BFE-4AE4-9EBC-A0233B5D1011}"
EndProject
Project("{9A19103F-16F7-4668-BE54-9A1E7A4F7556}") = "Jh.Abp.QuickComponents.Tests", "test\Jh.Abp.QuickComponents.Tests\Jh.Abp.QuickComponents.Tests.csproj", "{6A3B4AAA-1F19-41DA-B23A-83167458459E}"
EndProject
Project("{9A19103F-16F7-4668-BE54-9A1E7A4F7556}") = "Jh.Abp.QuickComponents.Application", "src\Jh.Abp.QuickComponents.Application\Jh.Abp.QuickComponents.Application.csproj", "{B96C5D74-F26B-4879-A5C1-EE4872263CA7}"
EndProject
Project("{9A19103F-16F7-4668-BE54-9A1E7A4F7556}") = "Jh.Abp.QuickComponents.Application.Contracts", "src\Jh.Abp.QuickComponents.Application.Contracts\Jh.Abp.QuickComponents.Application.Contracts.csproj", "{69E5F460-5F30-42CF-BB21-391C0F5575A9}"
EndProject
Project("{9A19103F-16F7-4668-BE54-9A1E7A4F7556}") = "Jh.Abp.QuickComponents.HttpApi", "src\Jh.Abp.QuickComponents.HttpApi\Jh.Abp.QuickComponents.HttpApi.csproj", "{CE4DEBD7-7248-48FB-9ACE-B82B94EB5DC1}"
EndProject
Project("{9A19103F-16F7-4668-BE54-9A1E7A4F7556}") = "Jh.Abp.Application.Contracts", "src\Jh.Abp.Application.Contracts\Jh.Abp.Application.Contracts.csproj", "{601912E3-F2CD-4371-B429-AC243C5236F2}"
EndProject
Project("{9A19103F-16F7-4668-BE54-9A1E7A4F7556}") = "Jh.Abp.Application", "src\Jh.Abp.Application\Jh.Abp.Application.csproj", "{713571C1-EAD9-49CD-85FD-F4C152801D8A}"
EndProject
Project("{9A19103F-16F7-4668-BE54-9A1E7A4F7556}") = "Jh.Abp.Common", "src\Jh.Abp.Common\Jh.Abp.Common.csproj", "{2974FF98-0A4E-41C1-AEE7-6E9D5231A321}"
EndProject
Project("{9A19103F-16F7-4668-BE54-9A1E7A4F7556}") = "Jh.Abp.Domain", "src\Jh.Abp.Domain\Jh.Abp.Domain.csproj", "{8DF4AA33-11AB-4AB6-B3E7-8472E178EEE7}"
EndProject
Project("{9A19103F-16F7-4668-BE54-9A1E7A4F7556}") = "Jh.Abp.EntityFrameworkCore", "src\Jh.Abp.EntityFrameworkCore\Jh.Abp.EntityFrameworkCore.csproj", "{F0332898-F2D6-424D-8FA7-B29A39F14E1D}"
EndProject
Project("{2150E333-8FDC-42A3-9474-1A3956D46DE8}") = "QuickComponents", "QuickComponents", "{8631B2BD-85DB-485A-88B6-933E27B6FF8F}"
EndProject
Project("{2150E333-8FDC-42A3-9474-1A3956D46DE8}") = "Jh.Abp", "Jh.Abp", "{52ADE1AB-1905-4D6E-B686-14A16A0182B5}"
EndProject
Project("{2150E333-8FDC-42A3-9474-1A3956D46DE8}") = "Common", "Common", "{525A7CC4-25D7-4F16-A772-8F5A1649C2C5}"
EndProject
Global
	GlobalSection(SolutionConfigurationPlatforms) = preSolution
		Debug|Any CPU = Debug|Any CPU
		Release|Any CPU = Release|Any CPU
	EndGlobalSection
	GlobalSection(ProjectConfigurationPlatforms) = postSolution
		{FA391BEF-1C06-45C7-A977-3E4170F18CF8}.Debug|Any CPU.ActiveCfg = Debug|Any CPU
		{FA391BEF-1C06-45C7-A977-3E4170F18CF8}.Debug|Any CPU.Build.0 = Debug|Any CPU
		{FA391BEF-1C06-45C7-A977-3E4170F18CF8}.Release|Any CPU.ActiveCfg = Release|Any CPU
		{FA391BEF-1C06-45C7-A977-3E4170F18CF8}.Release|Any CPU.Build.0 = Release|Any CPU
		{6A3B4AAA-1F19-41DA-B23A-83167458459E}.Debug|Any CPU.ActiveCfg = Debug|Any CPU
		{6A3B4AAA-1F19-41DA-B23A-83167458459E}.Debug|Any CPU.Build.0 = Debug|Any CPU
		{6A3B4AAA-1F19-41DA-B23A-83167458459E}.Release|Any CPU.ActiveCfg = Release|Any CPU
		{6A3B4AAA-1F19-41DA-B23A-83167458459E}.Release|Any CPU.Build.0 = Release|Any CPU
		{B96C5D74-F26B-4879-A5C1-EE4872263CA7}.Debug|Any CPU.ActiveCfg = Debug|Any CPU
		{B96C5D74-F26B-4879-A5C1-EE4872263CA7}.Debug|Any CPU.Build.0 = Debug|Any CPU
		{B96C5D74-F26B-4879-A5C1-EE4872263CA7}.Release|Any CPU.ActiveCfg = Release|Any CPU
		{B96C5D74-F26B-4879-A5C1-EE4872263CA7}.Release|Any CPU.Build.0 = Release|Any CPU
		{69E5F460-5F30-42CF-BB21-391C0F5575A9}.Debug|Any CPU.ActiveCfg = Debug|Any CPU
		{69E5F460-5F30-42CF-BB21-391C0F5575A9}.Debug|Any CPU.Build.0 = Debug|Any CPU
		{69E5F460-5F30-42CF-BB21-391C0F5575A9}.Release|Any CPU.ActiveCfg = Release|Any CPU
		{69E5F460-5F30-42CF-BB21-391C0F5575A9}.Release|Any CPU.Build.0 = Release|Any CPU
		{CE4DEBD7-7248-48FB-9ACE-B82B94EB5DC1}.Debug|Any CPU.ActiveCfg = Debug|Any CPU
		{CE4DEBD7-7248-48FB-9ACE-B82B94EB5DC1}.Debug|Any CPU.Build.0 = Debug|Any CPU
		{CE4DEBD7-7248-48FB-9ACE-B82B94EB5DC1}.Release|Any CPU.ActiveCfg = Release|Any CPU
		{CE4DEBD7-7248-48FB-9ACE-B82B94EB5DC1}.Release|Any CPU.Build.0 = Release|Any CPU
		{601912E3-F2CD-4371-B429-AC243C5236F2}.Debug|Any CPU.ActiveCfg = Debug|Any CPU
		{601912E3-F2CD-4371-B429-AC243C5236F2}.Debug|Any CPU.Build.0 = Debug|Any CPU
		{601912E3-F2CD-4371-B429-AC243C5236F2}.Release|Any CPU.ActiveCfg = Release|Any CPU
		{601912E3-F2CD-4371-B429-AC243C5236F2}.Release|Any CPU.Build.0 = Release|Any CPU
		{713571C1-EAD9-49CD-85FD-F4C152801D8A}.Debug|Any CPU.ActiveCfg = Debug|Any CPU
		{713571C1-EAD9-49CD-85FD-F4C152801D8A}.Debug|Any CPU.Build.0 = Debug|Any CPU
		{713571C1-EAD9-49CD-85FD-F4C152801D8A}.Release|Any CPU.ActiveCfg = Release|Any CPU
		{713571C1-EAD9-49CD-85FD-F4C152801D8A}.Release|Any CPU.Build.0 = Release|Any CPU
		{2974FF98-0A4E-41C1-AEE7-6E9D5231A321}.Debug|Any CPU.ActiveCfg = Debug|Any CPU
		{2974FF98-0A4E-41C1-AEE7-6E9D5231A321}.Debug|Any CPU.Build.0 = Debug|Any CPU
		{2974FF98-0A4E-41C1-AEE7-6E9D5231A321}.Release|Any CPU.ActiveCfg = Release|Any CPU
		{2974FF98-0A4E-41C1-AEE7-6E9D5231A321}.Release|Any CPU.Build.0 = Release|Any CPU
		{8DF4AA33-11AB-4AB6-B3E7-8472E178EEE7}.Debug|Any CPU.ActiveCfg = Debug|Any CPU
		{8DF4AA33-11AB-4AB6-B3E7-8472E178EEE7}.Debug|Any CPU.Build.0 = Debug|Any CPU
		{8DF4AA33-11AB-4AB6-B3E7-8472E178EEE7}.Release|Any CPU.ActiveCfg = Release|Any CPU
		{8DF4AA33-11AB-4AB6-B3E7-8472E178EEE7}.Release|Any CPU.Build.0 = Release|Any CPU
		{F0332898-F2D6-424D-8FA7-B29A39F14E1D}.Debug|Any CPU.ActiveCfg = Debug|Any CPU
		{F0332898-F2D6-424D-8FA7-B29A39F14E1D}.Debug|Any CPU.Build.0 = Debug|Any CPU
		{F0332898-F2D6-424D-8FA7-B29A39F14E1D}.Release|Any CPU.ActiveCfg = Release|Any CPU
		{F0332898-F2D6-424D-8FA7-B29A39F14E1D}.Release|Any CPU.Build.0 = Release|Any CPU
	EndGlobalSection
	GlobalSection(SolutionProperties) = preSolution
		HideSolutionNode = FALSE
	EndGlobalSection
	GlobalSection(NestedProjects) = preSolution
		{FA391BEF-1C06-45C7-A977-3E4170F18CF8} = {8631B2BD-85DB-485A-88B6-933E27B6FF8F}
		{6A3B4AAA-1F19-41DA-B23A-83167458459E} = {4088BFE4-0744-44DD-977A-0841DE6D0608}
		{B96C5D74-F26B-4879-A5C1-EE4872263CA7} = {8631B2BD-85DB-485A-88B6-933E27B6FF8F}
		{69E5F460-5F30-42CF-BB21-391C0F5575A9} = {8631B2BD-85DB-485A-88B6-933E27B6FF8F}
		{CE4DEBD7-7248-48FB-9ACE-B82B94EB5DC1} = {8631B2BD-85DB-485A-88B6-933E27B6FF8F}
		{601912E3-F2CD-4371-B429-AC243C5236F2} = {52ADE1AB-1905-4D6E-B686-14A16A0182B5}
		{713571C1-EAD9-49CD-85FD-F4C152801D8A} = {52ADE1AB-1905-4D6E-B686-14A16A0182B5}
		{2974FF98-0A4E-41C1-AEE7-6E9D5231A321} = {525A7CC4-25D7-4F16-A772-8F5A1649C2C5}
		{8DF4AA33-11AB-4AB6-B3E7-8472E178EEE7} = {52ADE1AB-1905-4D6E-B686-14A16A0182B5}
		{F0332898-F2D6-424D-8FA7-B29A39F14E1D} = {52ADE1AB-1905-4D6E-B686-14A16A0182B5}
		{8631B2BD-85DB-485A-88B6-933E27B6FF8F} = {7C11FE69-0BFE-4AE4-9EBC-A0233B5D1011}
		{52ADE1AB-1905-4D6E-B686-14A16A0182B5} = {7C11FE69-0BFE-4AE4-9EBC-A0233B5D1011}
		{525A7CC4-25D7-4F16-A772-8F5A1649C2C5} = {7C11FE69-0BFE-4AE4-9EBC-A0233B5D1011}
	EndGlobalSection
	GlobalSection(ExtensibilityGlobals) = postSolution
		SolutionGuid = {6B20184E-2D65-4B3A-91AB-E2AF0CBE4E16}
	EndGlobalSection
EndGlobal
