
Microsoft Visual Studio Solution File, Format Version 12.00
# Visual Studio Version 16
VisualStudioVersion = 16.0.30611.23
MinimumVisualStudioVersion = 10.0.40219.1
Project("{2150E333-8FDC-42A3-9474-1A3956D46DE8}") = "test", "test", "{4088BFE4-0744-44DD-977A-0841DE6D0608}"
EndProject
Project("{2150E333-8FDC-42A3-9474-1A3956D46DE8}") = "src", "src", "{7C11FE69-0BFE-4AE4-9EBC-A0233B5D1011}"
EndProject
Project("{2150E333-8FDC-42A3-9474-1A3956D46DE8}") = "QuickComponents", "QuickComponents", "{8631B2BD-85DB-485A-88B6-933E27B6FF8F}"
EndProject
Project("{2150E333-8FDC-42A3-9474-1A3956D46DE8}") = "Jh.AbpExtensions", "Jh.AbpExtensions", "{52ADE1AB-1905-4D6E-B686-14A16A0182B5}"
EndProject
Project("{2150E333-8FDC-42A3-9474-1A3956D46DE8}") = "Common", "Common", "{525A7CC4-25D7-4F16-A772-8F5A1649C2C5}"
EndProject
Project("{9A19103F-16F7-4668-BE54-9A1E7A4F7556}") = "Jh.Abp.QuickComponents", "src\QuickComponents\Jh.Abp.QuickComponents\Jh.Abp.QuickComponents.csproj", "{8C54FEF2-6631-4FBB-B347-70E6D8E1A773}"
EndProject
Project("{9A19103F-16F7-4668-BE54-9A1E7A4F7556}") = "Jh.Abp.QuickComponents.Application", "src\QuickComponents\Jh.Abp.QuickComponents.Application\Jh.Abp.QuickComponents.Application.csproj", "{C7C9344C-EC77-410F-9CA3-8901AF6EF706}"
EndProject
Project("{9A19103F-16F7-4668-BE54-9A1E7A4F7556}") = "Jh.Abp.QuickComponents.Application.Contracts", "src\QuickComponents\Jh.Abp.QuickComponents.Application.Contracts\Jh.Abp.QuickComponents.Application.Contracts.csproj", "{961FA272-2C73-4DC0-A490-2F8DAEC73092}"
EndProject
Project("{9A19103F-16F7-4668-BE54-9A1E7A4F7556}") = "Jh.Abp.QuickComponents.HttpApi", "src\QuickComponents\Jh.Abp.QuickComponents.HttpApi\Jh.Abp.QuickComponents.HttpApi.csproj", "{E7DDC02D-51D1-47ED-BA64-41F1AA5842E0}"
EndProject
Project("{9A19103F-16F7-4668-BE54-9A1E7A4F7556}") = "Jh.Abp.Application", "src\Jh.AbpExtensions\Jh.Abp.Application\Jh.Abp.Application.csproj", "{FA935F68-B5F9-4F0B-AAAC-54AE0301D913}"
EndProject
Project("{9A19103F-16F7-4668-BE54-9A1E7A4F7556}") = "Jh.Abp.Application.Contracts", "src\Jh.AbpExtensions\Jh.Abp.Application.Contracts\Jh.Abp.Application.Contracts.csproj", "{5EA6D729-D111-480B-BA39-A96E1BAABC14}"
EndProject
Project("{9A19103F-16F7-4668-BE54-9A1E7A4F7556}") = "Jh.Abp.Domain", "src\Jh.AbpExtensions\Jh.Abp.Domain\Jh.Abp.Domain.csproj", "{D3B1CBFA-11EC-45CD-A413-4736C0FC7393}"
EndProject
Project("{9A19103F-16F7-4668-BE54-9A1E7A4F7556}") = "Jh.Abp.EntityFrameworkCore", "src\Jh.AbpExtensions\Jh.Abp.EntityFrameworkCore\Jh.Abp.EntityFrameworkCore.csproj", "{1F1094C1-48ED-41C5-B2FF-AC66D04FCF89}"
EndProject
Project("{9A19103F-16F7-4668-BE54-9A1E7A4F7556}") = "Jh.Abp.Common", "src\Common\Jh.Abp.Common\Jh.Abp.Common.csproj", "{A3A3F09F-CC03-4EF5-AAAC-4D1215614D45}"
EndProject
Global
	GlobalSection(SolutionConfigurationPlatforms) = preSolution
		Debug|Any CPU = Debug|Any CPU
		Release|Any CPU = Release|Any CPU
	EndGlobalSection
	GlobalSection(ProjectConfigurationPlatforms) = postSolution
		{8C54FEF2-6631-4FBB-B347-70E6D8E1A773}.Debug|Any CPU.ActiveCfg = Debug|Any CPU
		{8C54FEF2-6631-4FBB-B347-70E6D8E1A773}.Debug|Any CPU.Build.0 = Debug|Any CPU
		{8C54FEF2-6631-4FBB-B347-70E6D8E1A773}.Release|Any CPU.ActiveCfg = Release|Any CPU
		{8C54FEF2-6631-4FBB-B347-70E6D8E1A773}.Release|Any CPU.Build.0 = Release|Any CPU
		{C7C9344C-EC77-410F-9CA3-8901AF6EF706}.Debug|Any CPU.ActiveCfg = Debug|Any CPU
		{C7C9344C-EC77-410F-9CA3-8901AF6EF706}.Debug|Any CPU.Build.0 = Debug|Any CPU
		{C7C9344C-EC77-410F-9CA3-8901AF6EF706}.Release|Any CPU.ActiveCfg = Release|Any CPU
		{C7C9344C-EC77-410F-9CA3-8901AF6EF706}.Release|Any CPU.Build.0 = Release|Any CPU
		{961FA272-2C73-4DC0-A490-2F8DAEC73092}.Debug|Any CPU.ActiveCfg = Debug|Any CPU
		{961FA272-2C73-4DC0-A490-2F8DAEC73092}.Debug|Any CPU.Build.0 = Debug|Any CPU
		{961FA272-2C73-4DC0-A490-2F8DAEC73092}.Release|Any CPU.ActiveCfg = Release|Any CPU
		{961FA272-2C73-4DC0-A490-2F8DAEC73092}.Release|Any CPU.Build.0 = Release|Any CPU
		{E7DDC02D-51D1-47ED-BA64-41F1AA5842E0}.Debug|Any CPU.ActiveCfg = Debug|Any CPU
		{E7DDC02D-51D1-47ED-BA64-41F1AA5842E0}.Debug|Any CPU.Build.0 = Debug|Any CPU
		{E7DDC02D-51D1-47ED-BA64-41F1AA5842E0}.Release|Any CPU.ActiveCfg = Release|Any CPU
		{E7DDC02D-51D1-47ED-BA64-41F1AA5842E0}.Release|Any CPU.Build.0 = Release|Any CPU
		{FA935F68-B5F9-4F0B-AAAC-54AE0301D913}.Debug|Any CPU.ActiveCfg = Debug|Any CPU
		{FA935F68-B5F9-4F0B-AAAC-54AE0301D913}.Debug|Any CPU.Build.0 = Debug|Any CPU
		{FA935F68-B5F9-4F0B-AAAC-54AE0301D913}.Release|Any CPU.ActiveCfg = Release|Any CPU
		{FA935F68-B5F9-4F0B-AAAC-54AE0301D913}.Release|Any CPU.Build.0 = Release|Any CPU
		{5EA6D729-D111-480B-BA39-A96E1BAABC14}.Debug|Any CPU.ActiveCfg = Debug|Any CPU
		{5EA6D729-D111-480B-BA39-A96E1BAABC14}.Debug|Any CPU.Build.0 = Debug|Any CPU
		{5EA6D729-D111-480B-BA39-A96E1BAABC14}.Release|Any CPU.ActiveCfg = Release|Any CPU
		{5EA6D729-D111-480B-BA39-A96E1BAABC14}.Release|Any CPU.Build.0 = Release|Any CPU
		{D3B1CBFA-11EC-45CD-A413-4736C0FC7393}.Debug|Any CPU.ActiveCfg = Debug|Any CPU
		{D3B1CBFA-11EC-45CD-A413-4736C0FC7393}.Debug|Any CPU.Build.0 = Debug|Any CPU
		{D3B1CBFA-11EC-45CD-A413-4736C0FC7393}.Release|Any CPU.ActiveCfg = Release|Any CPU
		{D3B1CBFA-11EC-45CD-A413-4736C0FC7393}.Release|Any CPU.Build.0 = Release|Any CPU
		{1F1094C1-48ED-41C5-B2FF-AC66D04FCF89}.Debug|Any CPU.ActiveCfg = Debug|Any CPU
		{1F1094C1-48ED-41C5-B2FF-AC66D04FCF89}.Debug|Any CPU.Build.0 = Debug|Any CPU
		{1F1094C1-48ED-41C5-B2FF-AC66D04FCF89}.Release|Any CPU.ActiveCfg = Release|Any CPU
		{1F1094C1-48ED-41C5-B2FF-AC66D04FCF89}.Release|Any CPU.Build.0 = Release|Any CPU
		{A3A3F09F-CC03-4EF5-AAAC-4D1215614D45}.Debug|Any CPU.ActiveCfg = Debug|Any CPU
		{A3A3F09F-CC03-4EF5-AAAC-4D1215614D45}.Debug|Any CPU.Build.0 = Debug|Any CPU
		{A3A3F09F-CC03-4EF5-AAAC-4D1215614D45}.Release|Any CPU.ActiveCfg = Release|Any CPU
		{A3A3F09F-CC03-4EF5-AAAC-4D1215614D45}.Release|Any CPU.Build.0 = Release|Any CPU
	EndGlobalSection
	GlobalSection(SolutionProperties) = preSolution
		HideSolutionNode = FALSE
	EndGlobalSection
	GlobalSection(NestedProjects) = preSolution
		{8631B2BD-85DB-485A-88B6-933E27B6FF8F} = {7C11FE69-0BFE-4AE4-9EBC-A0233B5D1011}
		{52ADE1AB-1905-4D6E-B686-14A16A0182B5} = {7C11FE69-0BFE-4AE4-9EBC-A0233B5D1011}
		{525A7CC4-25D7-4F16-A772-8F5A1649C2C5} = {7C11FE69-0BFE-4AE4-9EBC-A0233B5D1011}
		{8C54FEF2-6631-4FBB-B347-70E6D8E1A773} = {8631B2BD-85DB-485A-88B6-933E27B6FF8F}
		{C7C9344C-EC77-410F-9CA3-8901AF6EF706} = {8631B2BD-85DB-485A-88B6-933E27B6FF8F}
		{961FA272-2C73-4DC0-A490-2F8DAEC73092} = {8631B2BD-85DB-485A-88B6-933E27B6FF8F}
		{E7DDC02D-51D1-47ED-BA64-41F1AA5842E0} = {8631B2BD-85DB-485A-88B6-933E27B6FF8F}
		{FA935F68-B5F9-4F0B-AAAC-54AE0301D913} = {52ADE1AB-1905-4D6E-B686-14A16A0182B5}
		{5EA6D729-D111-480B-BA39-A96E1BAABC14} = {52ADE1AB-1905-4D6E-B686-14A16A0182B5}
		{D3B1CBFA-11EC-45CD-A413-4736C0FC7393} = {52ADE1AB-1905-4D6E-B686-14A16A0182B5}
		{1F1094C1-48ED-41C5-B2FF-AC66D04FCF89} = {52ADE1AB-1905-4D6E-B686-14A16A0182B5}
		{A3A3F09F-CC03-4EF5-AAAC-4D1215614D45} = {525A7CC4-25D7-4F16-A772-8F5A1649C2C5}
	EndGlobalSection
	GlobalSection(ExtensibilityGlobals) = postSolution
		SolutionGuid = {6B20184E-2D65-4B3A-91AB-E2AF0CBE4E16}
	EndGlobalSection
EndGlobal
