
Microsoft Visual Studio Solution File, Format Version 12.00
# Visual Studio Version 16
VisualStudioVersion = 16.0.29001.49
MinimumVisualStudioVersion = 10.0.40219.1
Project("{9A19103F-16F7-4668-BE54-9A1E7A4F7556}") = "Jh.Abp.FormCustom.Domain.Shared", "src\Jh.Abp.FormCustom.Domain.Shared\Jh.Abp.FormCustom.Domain.Shared.csproj", "{D64C1577-4929-4B60-939E-96DE1534891A}"
EndProject
Project("{9A19103F-16F7-4668-BE54-9A1E7A4F7556}") = "Jh.Abp.FormCustom.Domain", "src\Jh.Abp.FormCustom.Domain\Jh.Abp.FormCustom.Domain.csproj", "{F2840BC7-0188-4606-9126-DADD0F5ABF7A}"
EndProject
Project("{9A19103F-16F7-4668-BE54-9A1E7A4F7556}") = "Jh.Abp.FormCustom.Application.Contracts", "src\Jh.Abp.FormCustom.Application.Contracts\Jh.Abp.FormCustom.Application.Contracts.csproj", "{BD65D04F-08D5-40C1-8C24-77CA0BACB877}"
EndProject
Project("{9A19103F-16F7-4668-BE54-9A1E7A4F7556}") = "Jh.Abp.FormCustom.Application", "src\Jh.Abp.FormCustom.Application\Jh.Abp.FormCustom.Application.csproj", "{78040F9E-3501-4A40-82DF-00A597710F35}"
EndProject
Project("{2150E333-8FDC-42A3-9474-1A3956D46DE8}") = "src", "src", "{649A3FFA-182F-4E56-9717-E6A9A2BEC545}"
EndProject
Project("{2150E333-8FDC-42A3-9474-1A3956D46DE8}") = "test", "test", "{CCD2960C-23CC-4AB4-B84D-60C7AAA52F4D}"
EndProject
Project("{2150E333-8FDC-42A3-9474-1A3956D46DE8}") = "host", "host", "{E400416D-2895-4512-9D17-90681EEC7E0A}"
EndProject
Project("{9A19103F-16F7-4668-BE54-9A1E7A4F7556}") = "Jh.Abp.FormCustom.EntityFrameworkCore", "src\Jh.Abp.FormCustom.EntityFrameworkCore\Jh.Abp.FormCustom.EntityFrameworkCore.csproj", "{0CE86223-D31D-4315-A1F5-87BA3EE1B844}"
EndProject
Project("{9A19103F-16F7-4668-BE54-9A1E7A4F7556}") = "Jh.Abp.FormCustom.MongoDB", "src\Jh.Abp.FormCustom.MongoDB\Jh.Abp.FormCustom.MongoDB.csproj", "{F1C58097-4C08-4D88-8976-6B3389391481}"
EndProject
Project("{9A19103F-16F7-4668-BE54-9A1E7A4F7556}") = "Jh.Abp.FormCustom.HttpApi", "src\Jh.Abp.FormCustom.HttpApi\Jh.Abp.FormCustom.HttpApi.csproj", "{077AA5F8-8B61-420C-A6B5-0150A66FDB34}"
EndProject
Project("{9A19103F-16F7-4668-BE54-9A1E7A4F7556}") = "Jh.Abp.FormCustom.HttpApi.Client", "src\Jh.Abp.FormCustom.HttpApi.Client\Jh.Abp.FormCustom.HttpApi.Client.csproj", "{36E2735F-CEAB-44C8-A6D1-2CDAFF399751}"
EndProject
Project("{9A19103F-16F7-4668-BE54-9A1E7A4F7556}") = "Jh.Abp.FormCustom.TestBase", "test\Jh.Abp.FormCustom.TestBase\Jh.Abp.FormCustom.TestBase.csproj", "{C5BB573D-3030-4BCB-88B7-F6A85C32766C}"
EndProject
Project("{9A19103F-16F7-4668-BE54-9A1E7A4F7556}") = "Jh.Abp.FormCustom.EntityFrameworkCore.Tests", "test\Jh.Abp.FormCustom.EntityFrameworkCore.Tests\Jh.Abp.FormCustom.EntityFrameworkCore.Tests.csproj", "{527F645C-C1FC-406E-8479-81386C8ECF13}"
EndProject
Project("{9A19103F-16F7-4668-BE54-9A1E7A4F7556}") = "Jh.Abp.FormCustom.MongoDB.Tests", "test\Jh.Abp.FormCustom.MongoDB.Tests\Jh.Abp.FormCustom.MongoDB.Tests.csproj", "{D0AD9179-125C-40B2-A8EE-CD4C1EE24BB6}"
EndProject
Project("{9A19103F-16F7-4668-BE54-9A1E7A4F7556}") = "Jh.Abp.FormCustom.Domain.Tests", "test\Jh.Abp.FormCustom.Domain.Tests\Jh.Abp.FormCustom.Domain.Tests.csproj", "{E60895E5-79C4-447D-88B7-85CB5BA336A4}"
EndProject
Project("{9A19103F-16F7-4668-BE54-9A1E7A4F7556}") = "Jh.Abp.FormCustom.Application.Tests", "test\Jh.Abp.FormCustom.Application.Tests\Jh.Abp.FormCustom.Application.Tests.csproj", "{90CB5DC4-C040-45C7-8900-9688B26405BC}"
EndProject
Project("{9A19103F-16F7-4668-BE54-9A1E7A4F7556}") = "Jh.Abp.FormCustom.HttpApi.Host", "host\Jh.Abp.FormCustom.HttpApi.Host\Jh.Abp.FormCustom.HttpApi.Host.csproj", "{37B135B0-DAFE-4616-B25C-1BDF32FC44A2}"
EndProject
Project("{9A19103F-16F7-4668-BE54-9A1E7A4F7556}") = "Jh.Abp.FormCustom.Web", "src\Jh.Abp.FormCustom.Web\Jh.Abp.FormCustom.Web.csproj", "{3B7B6317-1B85-4164-8E11-75574F80AE17}"
EndProject
Project("{9A19103F-16F7-4668-BE54-9A1E7A4F7556}") = "Jh.Abp.FormCustom.HttpApi.Client.ConsoleTestApp", "test\Jh.Abp.FormCustom.HttpApi.Client.ConsoleTestApp\Jh.Abp.FormCustom.HttpApi.Client.ConsoleTestApp.csproj", "{1EDCD6D4-DF3A-4E3B-ABB6-C0D0B373EAB8}"
EndProject
Project("{9A19103F-16F7-4668-BE54-9A1E7A4F7556}") = "Jh.Abp.FormCustom.Web.Host", "host\Jh.Abp.FormCustom.Web.Host\Jh.Abp.FormCustom.Web.Host.csproj", "{73513786-B6C6-4A21-89C5-0FBDD0A46107}"
EndProject
Project("{9A19103F-16F7-4668-BE54-9A1E7A4F7556}") = "Jh.Abp.FormCustom.IdentityServer", "host\Jh.Abp.FormCustom.IdentityServer\Jh.Abp.FormCustom.IdentityServer.csproj", "{690203F4-3CD5-4569-88D9-EE831EEA5F5F}"
EndProject
Project("{9A19103F-16F7-4668-BE54-9A1E7A4F7556}") = "Jh.Abp.FormCustom.Host.Shared", "host\Jh.Abp.FormCustom.Host.Shared\Jh.Abp.FormCustom.Host.Shared.csproj", "{F6AC8D4A-EDD7-4514-8E8A-5BCB019864DB}"
EndProject
Project("{9A19103F-16F7-4668-BE54-9A1E7A4F7556}") = "Jh.Abp.FormCustom.Web.Unified", "host\Jh.Abp.FormCustom.Web.Unified\Jh.Abp.FormCustom.Web.Unified.csproj", "{3D872C41-E226-45C8-89C1-9D3DBD7C73F2}"
EndProject
Project("{9A19103F-16F7-4668-BE54-9A1E7A4F7556}") = "Jh.Abp.FormCustom.Blazor", "src\Jh.Abp.FormCustom.Blazor\Jh.Abp.FormCustom.Blazor.csproj", "{827FCC18-A22B-4175-82CD-1233F6DEE8FB}"
EndProject
Project("{9A19103F-16F7-4668-BE54-9A1E7A4F7556}") = "Jh.Abp.FormCustom.Blazor.Host", "host\Jh.Abp.FormCustom.Blazor.Host\Jh.Abp.FormCustom.Blazor.Host.csproj", "{D7E0F672-F5E2-4338-AFF4-4E5091C55A62}"
EndProject
Project("{2150E333-8FDC-42A3-9474-1A3956D46DE8}") = "Jh.AbpExtensions", "Jh.AbpExtensions", "{7B131CB5-E58F-4E73-B27E-CCC26F30793E}"
EndProject
Project("{2150E333-8FDC-42A3-9474-1A3956D46DE8}") = "Jh.QuickComponents", "Jh.QuickComponents", "{0CAA5A57-968F-4D52-92E2-0099B8CD993F}"
EndProject
Project("{9A19103F-16F7-4668-BE54-9A1E7A4F7556}") = "Jh.Abp.Application", "..\Jh.AbpExtensions\Jh.Abp.Application\Jh.Abp.Application.csproj", "{2D4D0C26-CD1C-4827-BED1-05D5C15EFEF2}"
EndProject
Project("{9A19103F-16F7-4668-BE54-9A1E7A4F7556}") = "Jh.Abp.Application.Contracts", "..\Jh.AbpExtensions\Jh.Abp.Application.Contracts\Jh.Abp.Application.Contracts.csproj", "{983DC2FE-9C13-4EB1-BB34-04383E559DDA}"
EndProject
Project("{9A19103F-16F7-4668-BE54-9A1E7A4F7556}") = "Jh.Abp.Domain", "..\Jh.AbpExtensions\Jh.Abp.Domain\Jh.Abp.Domain.csproj", "{1858BCAC-3090-44CF-91C7-A3B41BADCAE6}"
EndProject
Project("{9A19103F-16F7-4668-BE54-9A1E7A4F7556}") = "Jh.Abp.EntityFrameworkCore", "..\Jh.AbpExtensions\Jh.Abp.EntityFrameworkCore\Jh.Abp.EntityFrameworkCore.csproj", "{FFF385D8-5B06-4BBD-BE2D-0C12590E9C30}"
EndProject
Project("{9A19103F-16F7-4668-BE54-9A1E7A4F7556}") = "Jh.Abp.IdentityServer", "..\Jh.AbpExtensions\Jh.Abp.IdentityServer\Jh.Abp.IdentityServer.csproj", "{C1552B9E-420F-4EE6-8032-030266B25796}"
EndProject
Project("{2150E333-8FDC-42A3-9474-1A3956D46DE8}") = "Jh.Common", "Jh.Common", "{DAF82579-BEA2-49BC-9E40-C2121ADDFFAF}"
EndProject
Project("{9A19103F-16F7-4668-BE54-9A1E7A4F7556}") = "Jh.SourceGenerator", "..\GeneratorCoding\Jh.GeneratorCoding\Jh.SourceGenerator.csproj", "{07BD4019-C51F-436A-BB95-64C5F58F28C3}"
EndProject
Project("{9A19103F-16F7-4668-BE54-9A1E7A4F7556}") = "Jh.SourceGenerator.Common", "..\GeneratorCoding\Jh.SourceGenerator.Common\Jh.SourceGenerator.Common.csproj", "{A1D4041F-1E1F-44D6-B1B8-8A5BC395B9B9}"
EndProject
Project("{9A19103F-16F7-4668-BE54-9A1E7A4F7556}") = "Jh.Abp.Common", "..\Common\Jh.Abp.Common\Jh.Abp.Common.csproj", "{EE683AC3-1B35-4384-A4E4-17BA41299AB8}"
EndProject
Project("{9A19103F-16F7-4668-BE54-9A1E7A4F7556}") = "Jh.Abp.QuickComponents", "..\QuickComponents\Jh.Abp.QuickComponents\Jh.Abp.QuickComponents.csproj", "{61722905-B86B-43BB-9650-C1BBE1474243}"
EndProject
Project("{9A19103F-16F7-4668-BE54-9A1E7A4F7556}") = "Jh.Abp.QuickComponents.Application", "..\QuickComponents\Jh.Abp.QuickComponents.Application\Jh.Abp.QuickComponents.Application.csproj", "{487553CB-63F4-4F3B-A8DD-BCA72D5E05B4}"
EndProject
Project("{9A19103F-16F7-4668-BE54-9A1E7A4F7556}") = "Jh.Abp.QuickComponents.Application.Contracts", "..\QuickComponents\Jh.Abp.QuickComponents.Application.Contracts\Jh.Abp.QuickComponents.Application.Contracts.csproj", "{1A258293-C778-42D0-89E7-26137AC32C78}"
EndProject
Project("{9A19103F-16F7-4668-BE54-9A1E7A4F7556}") = "Jh.Abp.QuickComponents.HttpApi", "..\QuickComponents\Jh.Abp.QuickComponents.HttpApi\Jh.Abp.QuickComponents.HttpApi.csproj", "{6D34BEA9-2884-4ECE-BA1B-556C3B4EADD1}"
EndProject
Global
	GlobalSection(SolutionConfigurationPlatforms) = preSolution
		Debug|Any CPU = Debug|Any CPU
		Release|Any CPU = Release|Any CPU
	EndGlobalSection
	GlobalSection(ProjectConfigurationPlatforms) = postSolution
		{D64C1577-4929-4B60-939E-96DE1534891A}.Debug|Any CPU.ActiveCfg = Debug|Any CPU
		{D64C1577-4929-4B60-939E-96DE1534891A}.Debug|Any CPU.Build.0 = Debug|Any CPU
		{D64C1577-4929-4B60-939E-96DE1534891A}.Release|Any CPU.ActiveCfg = Release|Any CPU
		{D64C1577-4929-4B60-939E-96DE1534891A}.Release|Any CPU.Build.0 = Release|Any CPU
		{F2840BC7-0188-4606-9126-DADD0F5ABF7A}.Debug|Any CPU.ActiveCfg = Debug|Any CPU
		{F2840BC7-0188-4606-9126-DADD0F5ABF7A}.Debug|Any CPU.Build.0 = Debug|Any CPU
		{F2840BC7-0188-4606-9126-DADD0F5ABF7A}.Release|Any CPU.ActiveCfg = Release|Any CPU
		{F2840BC7-0188-4606-9126-DADD0F5ABF7A}.Release|Any CPU.Build.0 = Release|Any CPU
		{BD65D04F-08D5-40C1-8C24-77CA0BACB877}.Debug|Any CPU.ActiveCfg = Debug|Any CPU
		{BD65D04F-08D5-40C1-8C24-77CA0BACB877}.Debug|Any CPU.Build.0 = Debug|Any CPU
		{BD65D04F-08D5-40C1-8C24-77CA0BACB877}.Release|Any CPU.ActiveCfg = Release|Any CPU
		{BD65D04F-08D5-40C1-8C24-77CA0BACB877}.Release|Any CPU.Build.0 = Release|Any CPU
		{78040F9E-3501-4A40-82DF-00A597710F35}.Debug|Any CPU.ActiveCfg = Debug|Any CPU
		{78040F9E-3501-4A40-82DF-00A597710F35}.Debug|Any CPU.Build.0 = Debug|Any CPU
		{78040F9E-3501-4A40-82DF-00A597710F35}.Release|Any CPU.ActiveCfg = Release|Any CPU
		{78040F9E-3501-4A40-82DF-00A597710F35}.Release|Any CPU.Build.0 = Release|Any CPU
		{0CE86223-D31D-4315-A1F5-87BA3EE1B844}.Debug|Any CPU.ActiveCfg = Debug|Any CPU
		{0CE86223-D31D-4315-A1F5-87BA3EE1B844}.Debug|Any CPU.Build.0 = Debug|Any CPU
		{0CE86223-D31D-4315-A1F5-87BA3EE1B844}.Release|Any CPU.ActiveCfg = Release|Any CPU
		{0CE86223-D31D-4315-A1F5-87BA3EE1B844}.Release|Any CPU.Build.0 = Release|Any CPU
		{F1C58097-4C08-4D88-8976-6B3389391481}.Debug|Any CPU.ActiveCfg = Debug|Any CPU
		{F1C58097-4C08-4D88-8976-6B3389391481}.Debug|Any CPU.Build.0 = Debug|Any CPU
		{F1C58097-4C08-4D88-8976-6B3389391481}.Release|Any CPU.ActiveCfg = Release|Any CPU
		{F1C58097-4C08-4D88-8976-6B3389391481}.Release|Any CPU.Build.0 = Release|Any CPU
		{077AA5F8-8B61-420C-A6B5-0150A66FDB34}.Debug|Any CPU.ActiveCfg = Debug|Any CPU
		{077AA5F8-8B61-420C-A6B5-0150A66FDB34}.Debug|Any CPU.Build.0 = Debug|Any CPU
		{077AA5F8-8B61-420C-A6B5-0150A66FDB34}.Release|Any CPU.ActiveCfg = Release|Any CPU
		{077AA5F8-8B61-420C-A6B5-0150A66FDB34}.Release|Any CPU.Build.0 = Release|Any CPU
		{36E2735F-CEAB-44C8-A6D1-2CDAFF399751}.Debug|Any CPU.ActiveCfg = Debug|Any CPU
		{36E2735F-CEAB-44C8-A6D1-2CDAFF399751}.Debug|Any CPU.Build.0 = Debug|Any CPU
		{36E2735F-CEAB-44C8-A6D1-2CDAFF399751}.Release|Any CPU.ActiveCfg = Release|Any CPU
		{36E2735F-CEAB-44C8-A6D1-2CDAFF399751}.Release|Any CPU.Build.0 = Release|Any CPU
		{C5BB573D-3030-4BCB-88B7-F6A85C32766C}.Debug|Any CPU.ActiveCfg = Debug|Any CPU
		{C5BB573D-3030-4BCB-88B7-F6A85C32766C}.Debug|Any CPU.Build.0 = Debug|Any CPU
		{C5BB573D-3030-4BCB-88B7-F6A85C32766C}.Release|Any CPU.ActiveCfg = Release|Any CPU
		{C5BB573D-3030-4BCB-88B7-F6A85C32766C}.Release|Any CPU.Build.0 = Release|Any CPU
		{527F645C-C1FC-406E-8479-81386C8ECF13}.Debug|Any CPU.ActiveCfg = Debug|Any CPU
		{527F645C-C1FC-406E-8479-81386C8ECF13}.Debug|Any CPU.Build.0 = Debug|Any CPU
		{527F645C-C1FC-406E-8479-81386C8ECF13}.Release|Any CPU.ActiveCfg = Release|Any CPU
		{527F645C-C1FC-406E-8479-81386C8ECF13}.Release|Any CPU.Build.0 = Release|Any CPU
		{D0AD9179-125C-40B2-A8EE-CD4C1EE24BB6}.Debug|Any CPU.ActiveCfg = Debug|Any CPU
		{D0AD9179-125C-40B2-A8EE-CD4C1EE24BB6}.Debug|Any CPU.Build.0 = Debug|Any CPU
		{D0AD9179-125C-40B2-A8EE-CD4C1EE24BB6}.Release|Any CPU.ActiveCfg = Release|Any CPU
		{D0AD9179-125C-40B2-A8EE-CD4C1EE24BB6}.Release|Any CPU.Build.0 = Release|Any CPU
		{E60895E5-79C4-447D-88B7-85CB5BA336A4}.Debug|Any CPU.ActiveCfg = Debug|Any CPU
		{E60895E5-79C4-447D-88B7-85CB5BA336A4}.Debug|Any CPU.Build.0 = Debug|Any CPU
		{E60895E5-79C4-447D-88B7-85CB5BA336A4}.Release|Any CPU.ActiveCfg = Release|Any CPU
		{E60895E5-79C4-447D-88B7-85CB5BA336A4}.Release|Any CPU.Build.0 = Release|Any CPU
		{90CB5DC4-C040-45C7-8900-9688B26405BC}.Debug|Any CPU.ActiveCfg = Debug|Any CPU
		{90CB5DC4-C040-45C7-8900-9688B26405BC}.Debug|Any CPU.Build.0 = Debug|Any CPU
		{90CB5DC4-C040-45C7-8900-9688B26405BC}.Release|Any CPU.ActiveCfg = Release|Any CPU
		{90CB5DC4-C040-45C7-8900-9688B26405BC}.Release|Any CPU.Build.0 = Release|Any CPU
		{37B135B0-DAFE-4616-B25C-1BDF32FC44A2}.Debug|Any CPU.ActiveCfg = Debug|Any CPU
		{37B135B0-DAFE-4616-B25C-1BDF32FC44A2}.Debug|Any CPU.Build.0 = Debug|Any CPU
		{37B135B0-DAFE-4616-B25C-1BDF32FC44A2}.Release|Any CPU.ActiveCfg = Release|Any CPU
		{37B135B0-DAFE-4616-B25C-1BDF32FC44A2}.Release|Any CPU.Build.0 = Release|Any CPU
		{3B7B6317-1B85-4164-8E11-75574F80AE17}.Debug|Any CPU.ActiveCfg = Debug|Any CPU
		{3B7B6317-1B85-4164-8E11-75574F80AE17}.Debug|Any CPU.Build.0 = Debug|Any CPU
		{3B7B6317-1B85-4164-8E11-75574F80AE17}.Release|Any CPU.ActiveCfg = Release|Any CPU
		{3B7B6317-1B85-4164-8E11-75574F80AE17}.Release|Any CPU.Build.0 = Release|Any CPU
		{1EDCD6D4-DF3A-4E3B-ABB6-C0D0B373EAB8}.Debug|Any CPU.ActiveCfg = Debug|Any CPU
		{1EDCD6D4-DF3A-4E3B-ABB6-C0D0B373EAB8}.Debug|Any CPU.Build.0 = Debug|Any CPU
		{1EDCD6D4-DF3A-4E3B-ABB6-C0D0B373EAB8}.Release|Any CPU.ActiveCfg = Release|Any CPU
		{1EDCD6D4-DF3A-4E3B-ABB6-C0D0B373EAB8}.Release|Any CPU.Build.0 = Release|Any CPU
		{73513786-B6C6-4A21-89C5-0FBDD0A46107}.Debug|Any CPU.ActiveCfg = Debug|Any CPU
		{73513786-B6C6-4A21-89C5-0FBDD0A46107}.Debug|Any CPU.Build.0 = Debug|Any CPU
		{73513786-B6C6-4A21-89C5-0FBDD0A46107}.Release|Any CPU.ActiveCfg = Release|Any CPU
		{73513786-B6C6-4A21-89C5-0FBDD0A46107}.Release|Any CPU.Build.0 = Release|Any CPU
		{690203F4-3CD5-4569-88D9-EE831EEA5F5F}.Debug|Any CPU.ActiveCfg = Debug|Any CPU
		{690203F4-3CD5-4569-88D9-EE831EEA5F5F}.Debug|Any CPU.Build.0 = Debug|Any CPU
		{690203F4-3CD5-4569-88D9-EE831EEA5F5F}.Release|Any CPU.ActiveCfg = Release|Any CPU
		{690203F4-3CD5-4569-88D9-EE831EEA5F5F}.Release|Any CPU.Build.0 = Release|Any CPU
		{F6AC8D4A-EDD7-4514-8E8A-5BCB019864DB}.Debug|Any CPU.ActiveCfg = Debug|Any CPU
		{F6AC8D4A-EDD7-4514-8E8A-5BCB019864DB}.Debug|Any CPU.Build.0 = Debug|Any CPU
		{F6AC8D4A-EDD7-4514-8E8A-5BCB019864DB}.Release|Any CPU.ActiveCfg = Release|Any CPU
		{F6AC8D4A-EDD7-4514-8E8A-5BCB019864DB}.Release|Any CPU.Build.0 = Release|Any CPU
		{3D872C41-E226-45C8-89C1-9D3DBD7C73F2}.Debug|Any CPU.ActiveCfg = Debug|Any CPU
		{3D872C41-E226-45C8-89C1-9D3DBD7C73F2}.Debug|Any CPU.Build.0 = Debug|Any CPU
		{3D872C41-E226-45C8-89C1-9D3DBD7C73F2}.Release|Any CPU.ActiveCfg = Release|Any CPU
		{3D872C41-E226-45C8-89C1-9D3DBD7C73F2}.Release|Any CPU.Build.0 = Release|Any CPU
		{827FCC18-A22B-4175-82CD-1233F6DEE8FB}.Debug|Any CPU.ActiveCfg = Debug|Any CPU
		{827FCC18-A22B-4175-82CD-1233F6DEE8FB}.Debug|Any CPU.Build.0 = Debug|Any CPU
		{827FCC18-A22B-4175-82CD-1233F6DEE8FB}.Release|Any CPU.ActiveCfg = Release|Any CPU
		{827FCC18-A22B-4175-82CD-1233F6DEE8FB}.Release|Any CPU.Build.0 = Release|Any CPU
		{D7E0F672-F5E2-4338-AFF4-4E5091C55A62}.Debug|Any CPU.ActiveCfg = Debug|Any CPU
		{D7E0F672-F5E2-4338-AFF4-4E5091C55A62}.Debug|Any CPU.Build.0 = Debug|Any CPU
		{D7E0F672-F5E2-4338-AFF4-4E5091C55A62}.Release|Any CPU.ActiveCfg = Release|Any CPU
		{D7E0F672-F5E2-4338-AFF4-4E5091C55A62}.Release|Any CPU.Build.0 = Release|Any CPU
		{2D4D0C26-CD1C-4827-BED1-05D5C15EFEF2}.Debug|Any CPU.ActiveCfg = Debug|Any CPU
		{2D4D0C26-CD1C-4827-BED1-05D5C15EFEF2}.Debug|Any CPU.Build.0 = Debug|Any CPU
		{2D4D0C26-CD1C-4827-BED1-05D5C15EFEF2}.Release|Any CPU.ActiveCfg = Release|Any CPU
		{2D4D0C26-CD1C-4827-BED1-05D5C15EFEF2}.Release|Any CPU.Build.0 = Release|Any CPU
		{983DC2FE-9C13-4EB1-BB34-04383E559DDA}.Debug|Any CPU.ActiveCfg = Debug|Any CPU
		{983DC2FE-9C13-4EB1-BB34-04383E559DDA}.Debug|Any CPU.Build.0 = Debug|Any CPU
		{983DC2FE-9C13-4EB1-BB34-04383E559DDA}.Release|Any CPU.ActiveCfg = Release|Any CPU
		{983DC2FE-9C13-4EB1-BB34-04383E559DDA}.Release|Any CPU.Build.0 = Release|Any CPU
		{1858BCAC-3090-44CF-91C7-A3B41BADCAE6}.Debug|Any CPU.ActiveCfg = Debug|Any CPU
		{1858BCAC-3090-44CF-91C7-A3B41BADCAE6}.Debug|Any CPU.Build.0 = Debug|Any CPU
		{1858BCAC-3090-44CF-91C7-A3B41BADCAE6}.Release|Any CPU.ActiveCfg = Release|Any CPU
		{1858BCAC-3090-44CF-91C7-A3B41BADCAE6}.Release|Any CPU.Build.0 = Release|Any CPU
		{FFF385D8-5B06-4BBD-BE2D-0C12590E9C30}.Debug|Any CPU.ActiveCfg = Debug|Any CPU
		{FFF385D8-5B06-4BBD-BE2D-0C12590E9C30}.Debug|Any CPU.Build.0 = Debug|Any CPU
		{FFF385D8-5B06-4BBD-BE2D-0C12590E9C30}.Release|Any CPU.ActiveCfg = Release|Any CPU
		{FFF385D8-5B06-4BBD-BE2D-0C12590E9C30}.Release|Any CPU.Build.0 = Release|Any CPU
		{C1552B9E-420F-4EE6-8032-030266B25796}.Debug|Any CPU.ActiveCfg = Debug|Any CPU
		{C1552B9E-420F-4EE6-8032-030266B25796}.Debug|Any CPU.Build.0 = Debug|Any CPU
		{C1552B9E-420F-4EE6-8032-030266B25796}.Release|Any CPU.ActiveCfg = Release|Any CPU
		{C1552B9E-420F-4EE6-8032-030266B25796}.Release|Any CPU.Build.0 = Release|Any CPU
		{07BD4019-C51F-436A-BB95-64C5F58F28C3}.Debug|Any CPU.ActiveCfg = Debug|Any CPU
		{07BD4019-C51F-436A-BB95-64C5F58F28C3}.Debug|Any CPU.Build.0 = Debug|Any CPU
		{07BD4019-C51F-436A-BB95-64C5F58F28C3}.Release|Any CPU.ActiveCfg = Release|Any CPU
		{07BD4019-C51F-436A-BB95-64C5F58F28C3}.Release|Any CPU.Build.0 = Release|Any CPU
		{A1D4041F-1E1F-44D6-B1B8-8A5BC395B9B9}.Debug|Any CPU.ActiveCfg = Debug|Any CPU
		{A1D4041F-1E1F-44D6-B1B8-8A5BC395B9B9}.Debug|Any CPU.Build.0 = Debug|Any CPU
		{A1D4041F-1E1F-44D6-B1B8-8A5BC395B9B9}.Release|Any CPU.ActiveCfg = Release|Any CPU
		{A1D4041F-1E1F-44D6-B1B8-8A5BC395B9B9}.Release|Any CPU.Build.0 = Release|Any CPU
		{EE683AC3-1B35-4384-A4E4-17BA41299AB8}.Debug|Any CPU.ActiveCfg = Debug|Any CPU
		{EE683AC3-1B35-4384-A4E4-17BA41299AB8}.Debug|Any CPU.Build.0 = Debug|Any CPU
		{EE683AC3-1B35-4384-A4E4-17BA41299AB8}.Release|Any CPU.ActiveCfg = Release|Any CPU
		{EE683AC3-1B35-4384-A4E4-17BA41299AB8}.Release|Any CPU.Build.0 = Release|Any CPU
		{61722905-B86B-43BB-9650-C1BBE1474243}.Debug|Any CPU.ActiveCfg = Debug|Any CPU
		{61722905-B86B-43BB-9650-C1BBE1474243}.Debug|Any CPU.Build.0 = Debug|Any CPU
		{61722905-B86B-43BB-9650-C1BBE1474243}.Release|Any CPU.ActiveCfg = Release|Any CPU
		{61722905-B86B-43BB-9650-C1BBE1474243}.Release|Any CPU.Build.0 = Release|Any CPU
		{487553CB-63F4-4F3B-A8DD-BCA72D5E05B4}.Debug|Any CPU.ActiveCfg = Debug|Any CPU
		{487553CB-63F4-4F3B-A8DD-BCA72D5E05B4}.Debug|Any CPU.Build.0 = Debug|Any CPU
		{487553CB-63F4-4F3B-A8DD-BCA72D5E05B4}.Release|Any CPU.ActiveCfg = Release|Any CPU
		{487553CB-63F4-4F3B-A8DD-BCA72D5E05B4}.Release|Any CPU.Build.0 = Release|Any CPU
		{1A258293-C778-42D0-89E7-26137AC32C78}.Debug|Any CPU.ActiveCfg = Debug|Any CPU
		{1A258293-C778-42D0-89E7-26137AC32C78}.Debug|Any CPU.Build.0 = Debug|Any CPU
		{1A258293-C778-42D0-89E7-26137AC32C78}.Release|Any CPU.ActiveCfg = Release|Any CPU
		{1A258293-C778-42D0-89E7-26137AC32C78}.Release|Any CPU.Build.0 = Release|Any CPU
		{6D34BEA9-2884-4ECE-BA1B-556C3B4EADD1}.Debug|Any CPU.ActiveCfg = Debug|Any CPU
		{6D34BEA9-2884-4ECE-BA1B-556C3B4EADD1}.Debug|Any CPU.Build.0 = Debug|Any CPU
		{6D34BEA9-2884-4ECE-BA1B-556C3B4EADD1}.Release|Any CPU.ActiveCfg = Release|Any CPU
		{6D34BEA9-2884-4ECE-BA1B-556C3B4EADD1}.Release|Any CPU.Build.0 = Release|Any CPU
	EndGlobalSection
	GlobalSection(SolutionProperties) = preSolution
		HideSolutionNode = FALSE
	EndGlobalSection
	GlobalSection(NestedProjects) = preSolution
		{D64C1577-4929-4B60-939E-96DE1534891A} = {649A3FFA-182F-4E56-9717-E6A9A2BEC545}
		{F2840BC7-0188-4606-9126-DADD0F5ABF7A} = {649A3FFA-182F-4E56-9717-E6A9A2BEC545}
		{BD65D04F-08D5-40C1-8C24-77CA0BACB877} = {649A3FFA-182F-4E56-9717-E6A9A2BEC545}
		{78040F9E-3501-4A40-82DF-00A597710F35} = {649A3FFA-182F-4E56-9717-E6A9A2BEC545}
		{0CE86223-D31D-4315-A1F5-87BA3EE1B844} = {649A3FFA-182F-4E56-9717-E6A9A2BEC545}
		{F1C58097-4C08-4D88-8976-6B3389391481} = {649A3FFA-182F-4E56-9717-E6A9A2BEC545}
		{077AA5F8-8B61-420C-A6B5-0150A66FDB34} = {649A3FFA-182F-4E56-9717-E6A9A2BEC545}
		{36E2735F-CEAB-44C8-A6D1-2CDAFF399751} = {649A3FFA-182F-4E56-9717-E6A9A2BEC545}
		{C5BB573D-3030-4BCB-88B7-F6A85C32766C} = {CCD2960C-23CC-4AB4-B84D-60C7AAA52F4D}
		{527F645C-C1FC-406E-8479-81386C8ECF13} = {CCD2960C-23CC-4AB4-B84D-60C7AAA52F4D}
		{D0AD9179-125C-40B2-A8EE-CD4C1EE24BB6} = {CCD2960C-23CC-4AB4-B84D-60C7AAA52F4D}
		{E60895E5-79C4-447D-88B7-85CB5BA336A4} = {CCD2960C-23CC-4AB4-B84D-60C7AAA52F4D}
		{90CB5DC4-C040-45C7-8900-9688B26405BC} = {CCD2960C-23CC-4AB4-B84D-60C7AAA52F4D}
		{37B135B0-DAFE-4616-B25C-1BDF32FC44A2} = {E400416D-2895-4512-9D17-90681EEC7E0A}
		{3B7B6317-1B85-4164-8E11-75574F80AE17} = {649A3FFA-182F-4E56-9717-E6A9A2BEC545}
		{1EDCD6D4-DF3A-4E3B-ABB6-C0D0B373EAB8} = {CCD2960C-23CC-4AB4-B84D-60C7AAA52F4D}
		{73513786-B6C6-4A21-89C5-0FBDD0A46107} = {E400416D-2895-4512-9D17-90681EEC7E0A}
		{690203F4-3CD5-4569-88D9-EE831EEA5F5F} = {E400416D-2895-4512-9D17-90681EEC7E0A}
		{F6AC8D4A-EDD7-4514-8E8A-5BCB019864DB} = {E400416D-2895-4512-9D17-90681EEC7E0A}
		{3D872C41-E226-45C8-89C1-9D3DBD7C73F2} = {E400416D-2895-4512-9D17-90681EEC7E0A}
		{827FCC18-A22B-4175-82CD-1233F6DEE8FB} = {649A3FFA-182F-4E56-9717-E6A9A2BEC545}
		{D7E0F672-F5E2-4338-AFF4-4E5091C55A62} = {E400416D-2895-4512-9D17-90681EEC7E0A}
		{2D4D0C26-CD1C-4827-BED1-05D5C15EFEF2} = {7B131CB5-E58F-4E73-B27E-CCC26F30793E}
		{983DC2FE-9C13-4EB1-BB34-04383E559DDA} = {7B131CB5-E58F-4E73-B27E-CCC26F30793E}
		{1858BCAC-3090-44CF-91C7-A3B41BADCAE6} = {7B131CB5-E58F-4E73-B27E-CCC26F30793E}
		{FFF385D8-5B06-4BBD-BE2D-0C12590E9C30} = {7B131CB5-E58F-4E73-B27E-CCC26F30793E}
		{C1552B9E-420F-4EE6-8032-030266B25796} = {7B131CB5-E58F-4E73-B27E-CCC26F30793E}
		{07BD4019-C51F-436A-BB95-64C5F58F28C3} = {DAF82579-BEA2-49BC-9E40-C2121ADDFFAF}
		{A1D4041F-1E1F-44D6-B1B8-8A5BC395B9B9} = {DAF82579-BEA2-49BC-9E40-C2121ADDFFAF}
		{EE683AC3-1B35-4384-A4E4-17BA41299AB8} = {DAF82579-BEA2-49BC-9E40-C2121ADDFFAF}
		{61722905-B86B-43BB-9650-C1BBE1474243} = {0CAA5A57-968F-4D52-92E2-0099B8CD993F}
		{487553CB-63F4-4F3B-A8DD-BCA72D5E05B4} = {0CAA5A57-968F-4D52-92E2-0099B8CD993F}
		{1A258293-C778-42D0-89E7-26137AC32C78} = {0CAA5A57-968F-4D52-92E2-0099B8CD993F}
		{6D34BEA9-2884-4ECE-BA1B-556C3B4EADD1} = {0CAA5A57-968F-4D52-92E2-0099B8CD993F}
	EndGlobalSection
	GlobalSection(ExtensibilityGlobals) = postSolution
		SolutionGuid = {4324B3B4-B60B-4E3C-91D8-59576B4E26DD}
	EndGlobalSection
EndGlobal
